
Microsoft Visual Studio Solution File, Format Version 12.00
# Visual Studio Version 16
VisualStudioVersion = 16.0.29609.76
MinimumVisualStudioVersion = 10.0.40219.1
Project("{FAE04EC0-301F-11D3-BF4B-00C04F79EFBC}") = "UnitTests", "UnitTests\UnitTests.csproj", "{36C961EB-DE0A-46A0-8CB3-F3422E4AE274}"
EndProject
Project("{FAE04EC0-301F-11D3-BF4B-00C04F79EFBC}") = "ToDo", "ToDo\ToDo.csproj", "{079EB49C-9838-4DF9-8C2C-9864321CFD7F}"
EndProject
Global
	GlobalSection(SolutionConfigurationPlatforms) = preSolution
		Debug|Any CPU = Debug|Any CPU
		Release|Any CPU = Release|Any CPU
	EndGlobalSection
	GlobalSection(ProjectConfigurationPlatforms) = postSolution
		{36C961EB-DE0A-46A0-8CB3-F3422E4AE274}.Debug|Any CPU.ActiveCfg = Debug|Any CPU
		{36C961EB-DE0A-46A0-8CB3-F3422E4AE274}.Debug|Any CPU.Build.0 = Debug|Any CPU
		{36C961EB-DE0A-46A0-8CB3-F3422E4AE274}.Release|Any CPU.ActiveCfg = Release|Any CPU
		{36C961EB-DE0A-46A0-8CB3-F3422E4AE274}.Release|Any CPU.Build.0 = Release|Any CPU
		{079EB49C-9838-4DF9-8C2C-9864321CFD7F}.Debug|Any CPU.ActiveCfg = Debug|Any CPU
		{079EB49C-9838-4DF9-8C2C-9864321CFD7F}.Debug|Any CPU.Build.0 = Debug|Any CPU
		{079EB49C-9838-4DF9-8C2C-9864321CFD7F}.Release|Any CPU.ActiveCfg = Release|Any CPU
		{079EB49C-9838-4DF9-8C2C-9864321CFD7F}.Release|Any CPU.Build.0 = Release|Any CPU
	EndGlobalSection
	GlobalSection(SolutionProperties) = preSolution
		HideSolutionNode = FALSE
	EndGlobalSection
	GlobalSection(ExtensibilityGlobals) = postSolution
		SolutionGuid = {3776C1EF-2058-4A48-B94F-0683E89B9CF9}
	EndGlobalSection
EndGlobal
